{
    "_readme": [
        "This file locks the dependencies of your project to a known state",
        "Read more about it at https://getcomposer.org/doc/01-basic-usage.md#composer-lock-the-lock-file",
        "This file is @generated automatically"
    ],
    "hash": "c54d36880bfe24b12c4d823fb7a013ad",
    "content-hash": "1282bad6394d8777c9611fd847e26772",
    "packages": [
        {
            "name": "composer/installers",
            "version": "v1.4.0",
            "source": {
                "type": "git",
                "url": "https://github.com/composer/installers.git",
                "reference": "9ce17fb70e9a38dd8acff0636a29f5cf4d575c1b"
            },
            "dist": {
                "type": "zip",
                "url": "https://api.github.com/repos/composer/installers/zipball/9ce17fb70e9a38dd8acff0636a29f5cf4d575c1b",
                "reference": "9ce17fb70e9a38dd8acff0636a29f5cf4d575c1b",
                "shasum": ""
            },
            "require": {
                "composer-plugin-api": "^1.0"
            },
            "replace": {
                "roundcube/plugin-installer": "*",
                "shama/baton": "*"
            },
            "require-dev": {
                "composer/composer": "1.0.*@dev",
                "phpunit/phpunit": "4.1.*"
            },
            "type": "composer-plugin",
            "extra": {
                "class": "Composer\\Installers\\Plugin",
                "branch-alias": {
                    "dev-master": "1.0-dev"
                }
            },
            "autoload": {
                "psr-4": {
                    "Composer\\Installers\\": "src/Composer/Installers"
                }
            },
            "notification-url": "https://packagist.org/downloads/",
            "license": [
                "MIT"
            ],
            "authors": [
                {
                    "name": "Kyle Robinson Young",
                    "email": "kyle@dontkry.com",
                    "homepage": "https://github.com/shama"
                }
            ],
            "description": "A multi-framework Composer library installer",
            "homepage": "https://composer.github.io/installers/",
            "keywords": [
                "Craft",
                "Dolibarr",
                "Eliasis",
                "Hurad",
                "ImageCMS",
                "Kanboard",
                "Lan Management System",
                "MODX Evo",
                "Mautic",
                "Maya",
                "OXID",
                "Plentymarkets",
                "Porto",
                "RadPHP",
                "SMF",
                "Thelia",
                "WolfCMS",
                "agl",
                "aimeos",
                "annotatecms",
                "attogram",
                "bitrix",
                "cakephp",
                "chef",
                "cockpit",
                "codeigniter",
                "concrete5",
                "croogo",
                "dokuwiki",
                "drupal",
                "eZ Platform",
                "elgg",
                "expressionengine",
                "fuelphp",
                "grav",
                "installer",
                "itop",
                "joomla",
                "kohana",
                "laravel",
                "lavalite",
                "lithium",
                "magento",
                "mako",
                "mediawiki",
                "modulework",
                "moodle",
                "osclass",
                "phpbb",
                "piwik",
                "ppi",
                "puppet",
                "reindex",
                "roundcube",
                "shopware",
                "silverstripe",
                "sydes",
                "symfony",
                "typo3",
                "wordpress",
                "yawik",
                "zend",
                "zikula"
            ],
            "time": "2017-08-09 07:53:48"
        },
        {
            "name": "florianwolters/component-core-stringutils",
            "version": "v0.3.1",
            "source": {
                "type": "git",
                "url": "https://github.com/FlorianWolters/PHP-Component-Core-StringUtils.git",
                "reference": "51978fa9a4d30104192036f0b1f11fc1c3bc4667"
            },
            "dist": {
                "type": "zip",
                "url": "https://api.github.com/repos/FlorianWolters/PHP-Component-Core-StringUtils/zipball/51978fa9a4d30104192036f0b1f11fc1c3bc4667",
                "reference": "51978fa9a4d30104192036f0b1f11fc1c3bc4667",
                "shasum": ""
            },
            "require": {
                "php": ">=5.3"
            },
            "type": "library",
            "autoload": {
                "psr-0": {
                    "FlorianWolters": "src/php"
                }
            },
            "notification-url": "https://packagist.org/downloads/",
            "license": [
                "LGPL-3.0+"
            ],
            "authors": [
                {
                    "name": "Florian Wolters",
                    "email": "wolters.fl@gmail.com",
                    "homepage": "http://blog.florianwolters.de",
                    "role": "Developer"
                }
            ],
            "description": "Offers operations on the data type string as a PHP component.",
            "homepage": "http://github.com/FlorianWolters/PHP-Component-Core-StringUtils",
            "keywords": [
                "helper",
                "language",
                "string",
                "wrapper"
            ],
            "time": "2013-07-01 10:24:07"
        },
        {
            "name": "florianwolters/component-util-reflection",
            "version": "v0.2.0",
            "source": {
                "type": "git",
                "url": "https://github.com/FlorianWolters/PHP-Component-Util-Reflection.git",
                "reference": "ffc94b62e2834d7d0306374d952eda7a5abd1844"
            },
            "dist": {
                "type": "zip",
                "url": "https://api.github.com/repos/FlorianWolters/PHP-Component-Util-Reflection/zipball/ffc94b62e2834d7d0306374d952eda7a5abd1844",
                "reference": "ffc94b62e2834d7d0306374d952eda7a5abd1844",
                "shasum": ""
            },
            "require": {
                "florianwolters/component-core-stringutils": ">=0.2-beta",
                "php": ">=5.4"
            },
            "type": "library",
            "autoload": {
                "psr-0": {
                    "FlorianWolters": "src/php"
                }
            },
            "notification-url": "https://packagist.org/downloads/",
            "license": [
                "LGPL-3.0+"
            ],
            "authors": [
                {
                    "name": "Florian Wolters",
                    "email": "wolters.fl@gmail.com",
                    "homepage": "http://blog.florianwolters.de",
                    "role": "Developer"
                }
            ],
            "description": "Provides operations for the PHP Reflection API as a PHP component.",
            "homepage": "http://github.com/FlorianWolters/PHP-Component-Util-Reflection",
            "keywords": [
                "reflection",
                "utility"
            ],
            "time": "2013-03-19 16:42:41"
        },
        {
            "name": "florianwolters/component-util-singleton",
            "version": "v0.3.2",
            "source": {
                "type": "git",
                "url": "https://github.com/FlorianWolters/PHP-Component-Util-Singleton.git",
                "reference": "ab39ba531a38c3b76b4babb0035ce840cde7f443"
            },
            "dist": {
                "type": "zip",
                "url": "https://api.github.com/repos/FlorianWolters/PHP-Component-Util-Singleton/zipball/ab39ba531a38c3b76b4babb0035ce840cde7f443",
                "reference": "ab39ba531a38c3b76b4babb0035ce840cde7f443",
                "shasum": ""
            },
            "require": {
                "florianwolters/component-core-stringutils": "0.3.*",
                "florianwolters/component-util-reflection": "0.2.*",
                "php": ">=5.4"
            },
            "type": "library",
            "autoload": {
                "psr-0": {
                    "FlorianWolters": [
                        "src/php",
                        "src/tests/unit-tests/php",
                        "src/tests/mocks/php"
                    ]
                }
            },
            "notification-url": "https://packagist.org/downloads/",
            "license": [
                "LGPL-3.0+"
            ],
            "authors": [
                {
                    "name": "Florian Wolters",
                    "email": "wolters.fl@gmail.com",
                    "homepage": "http://blog.florianwolters.de",
                    "role": "Developer"
                }
            ],
            "description": "The Singleton (and Registry of Singletons a.k.a. Multiton) design pattern as a PHP component.",
            "homepage": "http://github.com/FlorianWolters/PHP-Component-Util-Singleton",
            "keywords": [
                "creation",
                "pattern",
                "singleton",
                "utility"
            ],
            "time": "2013-06-29 12:35:22"
        },
        {
            "name": "grottopress/wordpress-page",
            "version": "dev-dev",
            "source": {
                "type": "git",
                "url": "https://github.com/GrottoPress/wordpress-page.git",
                "reference": "1e9fb9ba91e475c7242d10775ac2087c1ba106d6"
            },
            "dist": {
                "type": "zip",
                "url": "https://api.github.com/repos/GrottoPress/wordpress-page/zipball/1e9fb9ba91e475c7242d10775ac2087c1ba106d6",
                "reference": "1e9fb9ba91e475c7242d10775ac2087c1ba106d6",
                "shasum": ""
            },
            "require": {
                "php": ">=7.0"
            },
            "require-dev": {
                "phpunit/phpunit": "^6.3",
                "wp-cli/wp-cli": "^1.2"
            },
            "type": "library",
            "autoload": {
                "classmap": [
                    "src/"
                ]
            },
            "notification-url": "https://packagist.org/downloads/",
            "license": [
                "MIT"
            ],
            "authors": [
                {
                    "name": "GrottoPress.com",
                    "email": "info@grottopress.com",
                    "homepage": "https://www.grottopress.com"
                },
                {
                    "name": "N Atta Kusi Adusei",
                    "homepage": "https://twitter.com/akadusei",
                    "role": "Developer"
                }
            ],
            "description": "A library to get WordPress page elements",
            "keywords": [
                "wordpress"
            ],
            "time": "2017-08-20 22:16:41"
        }
    ],
    "packages-dev": [],
    "aliases": [],
    "minimum-stability": "stable",
    "stability-flags": {
        "grottopress/wordpress-page": 20
    },
    "prefer-stable": false,
    "prefer-lowest": false,
    "platform": {
        "php": ">=7.0"
    },
    "platform-dev": []
}
